
Microsoft Visual Studio Solution File, Format Version 12.00
# Visual Studio Version 16
VisualStudioVersion = 16.0.29728.190
MinimumVisualStudioVersion = 10.0.40219.1
Project("{9A19103F-16F7-4668-BE54-9A1E7A4F7556}") = "GodelTech.Microservices.Core", "src\GodelTech.Microservices.Core\GodelTech.Microservices.Core.csproj", "{00000000-0000-0000-0000-000000000001}"
EndProject
Project("{9A19103F-16F7-4668-BE54-9A1E7A4F7556}") = "GodelTech.Microservices.Core.Tests", "test\GodelTech.Microservices.Core.Tests\GodelTech.Microservices.Core.Tests.csproj", "{00000000-0000-0000-0000-000000000002}"
EndProject
Project("{9A19103F-16F7-4668-BE54-9A1E7A4F7556}") = "GodelTech.Microservices.IntegrationTests", "test\GodelTech.Microservices.IntegrationTests\GodelTech.Microservices.IntegrationTests.csproj", "{5BA960FD-8A69-4303-B29C-7AABDCC14A00}"
EndProject
Project("{9A19103F-16F7-4668-BE54-9A1E7A4F7556}") = "GodelTech.Microservices.Website", "test\GodelTech.Microservices.Website\GodelTech.Microservices.Website.csproj", "{3C23A5CE-CFD0-4664-BC7C-12B0B5CA03FC}"
EndProject
Project("{9A19103F-16F7-4668-BE54-9A1E7A4F7556}") = "GodelTech.Microservices.AwsLambda", "test\GodelTech.Microservices.AwsLambda\GodelTech.Microservices.AwsLambda.csproj", "{7A726EAB-601A-4712-B0C1-87EF2924957D}"
EndProject
Project("{9A19103F-16F7-4668-BE54-9A1E7A4F7556}") = "GodelTech.Microservices.AwsLambda.Integration.Tests", "test\GodelTech.Microservices.AwsLambda.Integration.Tests\GodelTech.Microservices.AwsLambda.Integration.Tests.csproj", "{89F0D2F1-3F02-48D0-9BEC-87607D02956B}"
EndProject
Global
	GlobalSection(SolutionConfigurationPlatforms) = preSolution
		Debug|Any CPU = Debug|Any CPU
		Release|Any CPU = Release|Any CPU
	EndGlobalSection
	GlobalSection(ProjectConfigurationPlatforms) = postSolution
		{00000000-0000-0000-0000-000000000001}.Debug|Any CPU.ActiveCfg = Debug|Any CPU
		{00000000-0000-0000-0000-000000000001}.Debug|Any CPU.Build.0 = Debug|Any CPU
		{00000000-0000-0000-0000-000000000001}.Release|Any CPU.ActiveCfg = Release|Any CPU
		{00000000-0000-0000-0000-000000000001}.Release|Any CPU.Build.0 = Release|Any CPU
		{00000000-0000-0000-0000-000000000002}.Debug|Any CPU.ActiveCfg = Debug|Any CPU
		{00000000-0000-0000-0000-000000000002}.Debug|Any CPU.Build.0 = Debug|Any CPU
		{00000000-0000-0000-0000-000000000002}.Release|Any CPU.ActiveCfg = Release|Any CPU
		{00000000-0000-0000-0000-000000000002}.Release|Any CPU.Build.0 = Release|Any CPU
		{5BA960FD-8A69-4303-B29C-7AABDCC14A00}.Debug|Any CPU.ActiveCfg = Debug|Any CPU
		{5BA960FD-8A69-4303-B29C-7AABDCC14A00}.Debug|Any CPU.Build.0 = Debug|Any CPU
		{5BA960FD-8A69-4303-B29C-7AABDCC14A00}.Release|Any CPU.ActiveCfg = Release|Any CPU
		{5BA960FD-8A69-4303-B29C-7AABDCC14A00}.Release|Any CPU.Build.0 = Release|Any CPU
		{3C23A5CE-CFD0-4664-BC7C-12B0B5CA03FC}.Debug|Any CPU.ActiveCfg = Debug|Any CPU
		{3C23A5CE-CFD0-4664-BC7C-12B0B5CA03FC}.Debug|Any CPU.Build.0 = Debug|Any CPU
		{3C23A5CE-CFD0-4664-BC7C-12B0B5CA03FC}.Release|Any CPU.ActiveCfg = Release|Any CPU
		{3C23A5CE-CFD0-4664-BC7C-12B0B5CA03FC}.Release|Any CPU.Build.0 = Release|Any CPU
		{7A726EAB-601A-4712-B0C1-87EF2924957D}.Debug|Any CPU.ActiveCfg = Debug|Any CPU
		{7A726EAB-601A-4712-B0C1-87EF2924957D}.Debug|Any CPU.Build.0 = Debug|Any CPU
		{7A726EAB-601A-4712-B0C1-87EF2924957D}.Release|Any CPU.ActiveCfg = Release|Any CPU
		{7A726EAB-601A-4712-B0C1-87EF2924957D}.Release|Any CPU.Build.0 = Release|Any CPU
		{89F0D2F1-3F02-48D0-9BEC-87607D02956B}.Debug|Any CPU.ActiveCfg = Debug|Any CPU
		{89F0D2F1-3F02-48D0-9BEC-87607D02956B}.Debug|Any CPU.Build.0 = Debug|Any CPU
		{89F0D2F1-3F02-48D0-9BEC-87607D02956B}.Release|Any CPU.ActiveCfg = Release|Any CPU
		{89F0D2F1-3F02-48D0-9BEC-87607D02956B}.Release|Any CPU.Build.0 = Release|Any CPU
	EndGlobalSection
	GlobalSection(SolutionProperties) = preSolution
		HideSolutionNode = FALSE
	EndGlobalSection
	GlobalSection(ExtensibilityGlobals) = postSolution
		SolutionGuid = {D695AB56-54D7-4D9F-80D7-3951FE69FE54}
	EndGlobalSection
EndGlobal
